// !$*UTF8*$!
{
	archiveVersion = 1;
	classes = {
	};
	objectVersion = 46;
	objects = {

/* Begin PBXFileReference section */
		660B286E1F6754030053C885 /* path_support.hpp */ = {isa = PBXFileReference; fileEncoding = 4; lastKnownFileType = sourcecode.cpp.h; name = path_support.hpp; path = ../common/include/geometry/path_support.hpp; sourceTree = "<group>"; };
		660B286F1F6754030053C885 /* path_vertex.hpp */ = {isa = PBXFileReference; fileEncoding = 4; lastKnownFileType = sourcecode.cpp.h; name = path_vertex.hpp; path = ../common/include/geometry/path_vertex.hpp; sourceTree = "<group>"; };
		660B28701F6754030053C885 /* path.hpp */ = {isa = PBXFileReference; fileEncoding = 4; lastKnownFileType = sourcecode.cpp.h; name = path.hpp; path = ../common/include/geometry/path.hpp; sourceTree = "<group>"; };
		660B28711F67540E0053C885 /* path_support.cpp */ = {isa = PBXFileReference; fileEncoding = 4; lastKnownFileType = sourcecode.cpp.cpp; name = path_support.cpp; path = ../common/src/geometry/path_support.cpp; sourceTree = "<group>"; };
		660B28721F67540E0053C885 /* path_vertex.cpp */ = {isa = PBXFileReference; fileEncoding = 4; lastKnownFileType = sourcecode.cpp.cpp; name = path_vertex.cpp; path = ../common/src/geometry/path_vertex.cpp; sourceTree = "<group>"; };
		660B28731F6754340053C885 /* repr.hpp */ = {isa = PBXFileReference; fileEncoding = 4; lastKnownFileType = sourcecode.cpp.h; name = repr.hpp; path = ../python/include/repr.hpp; sourceTree = "<group>"; };
		660B28741F67543F0053C885 /* repr.cpp */ = {isa = PBXFileReference; fileEncoding = 4; lastKnownFileType = sourcecode.cpp.cpp; name = repr.cpp; path = ../python/src/repr.cpp; sourceTree = "<group>"; };
		6619E5AB1F2BFEC5009BFA97 /* window.hpp */ = {isa = PBXFileReference; fileEncoding = 4; lastKnownFileType = sourcecode.cpp.h; name = window.hpp; path = ../common/include/opengl/window.hpp; sourceTree = "<group>"; };
		6619E5AC1F2BFED1009BFA97 /* window.cpp */ = {isa = PBXFileReference; fileEncoding = 4; lastKnownFileType = sourcecode.cpp.cpp; name = window.cpp; path = ../common/src/opengl/window.cpp; sourceTree = "<group>"; };
		662ABF9A1F6405640043D4F4 /* camera.hpp */ = {isa = PBXFileReference; fileEncoding = 4; lastKnownFileType = sourcecode.cpp.h; name = camera.hpp; path = ../common/include/opengl/camera.hpp; sourceTree = "<group>"; };
		662ABF9B1F64056F0043D4F4 /* camera.cpp */ = {isa = PBXFileReference; fileEncoding = 4; lastKnownFileType = sourcecode.cpp.cpp; name = camera.cpp; path = ../common/src/opengl/camera.cpp; sourceTree = "<group>"; };
		662ABF9C1F64058D0043D4F4 /* coordinate_transform_support.hpp */ = {isa = PBXFileReference; fileEncoding = 4; lastKnownFileType = sourcecode.cpp.h; name = coordinate_transform_support.hpp; path = ../common/include/geometry/coordinate_transform_support.hpp; sourceTree = "<group>"; };
		662ABF9D1F64058D0043D4F4 /* coordinate_transform.hpp */ = {isa = PBXFileReference; fileEncoding = 4; lastKnownFileType = sourcecode.cpp.h; name = coordinate_transform.hpp; path = ../common/include/geometry/coordinate_transform.hpp; sourceTree = "<group>"; };
		662ABF9F1F64059A0043D4F4 /* coordinate_transform_support.cpp */ = {isa = PBXFileReference; fileEncoding = 4; lastKnownFileType = sourcecode.cpp.cpp; name = coordinate_transform_support.cpp; path = ../common/src/geometry/coordinate_transform_support.cpp; sourceTree = "<group>"; };
		662ABFA01F64059A0043D4F4 /* coordinate_transform.cpp */ = {isa = PBXFileReference; fileEncoding = 4; lastKnownFileType = sourcecode.cpp.cpp; name = coordinate_transform.cpp; path = ../common/src/geometry/coordinate_transform.cpp; sourceTree = "<group>"; };
		662CD7E51F329F9C005EB9D0 /* buffer_support.hpp */ = {isa = PBXFileReference; fileEncoding = 4; lastKnownFileType = sourcecode.cpp.h; name = buffer_support.hpp; path = ../common/include/opengl/buffer_support.hpp; sourceTree = "<group>"; };
		662CD7E61F329F9C005EB9D0 /* frame_buffer.hpp */ = {isa = PBXFileReference; fileEncoding = 4; lastKnownFileType = sourcecode.cpp.h; name = frame_buffer.hpp; path = ../common/include/opengl/frame_buffer.hpp; sourceTree = "<group>"; };
		662CD7E71F329F9C005EB9D0 /* texture.hpp */ = {isa = PBXFileReference; fileEncoding = 4; lastKnownFileType = sourcecode.cpp.h; name = texture.hpp; path = ../common/include/opengl/texture.hpp; sourceTree = "<group>"; };
		662CD7E81F329FA8005EB9D0 /* buffer_support.cpp */ = {isa = PBXFileReference; fileEncoding = 4; lastKnownFileType = sourcecode.cpp.cpp; name = buffer_support.cpp; path = ../common/src/opengl/buffer_support.cpp; sourceTree = "<group>"; };
		662CD7E91F329FA8005EB9D0 /* frame_buffer.cpp */ = {isa = PBXFileReference; fileEncoding = 4; lastKnownFileType = sourcecode.cpp.cpp; name = frame_buffer.cpp; path = ../common/src/opengl/frame_buffer.cpp; sourceTree = "<group>"; };
		662CD7EA1F329FA8005EB9D0 /* texture.cpp */ = {isa = PBXFileReference; fileEncoding = 4; lastKnownFileType = sourcecode.cpp.cpp; name = texture.cpp; path = ../common/src/opengl/texture.cpp; sourceTree = "<group>"; };
		6643D3731F48816E009BF826 /* oscillator_kinetics.hpp */ = {isa = PBXFileReference; fileEncoding = 4; lastKnownFileType = sourcecode.cpp.h; name = oscillator_kinetics.hpp; path = ../common/include/physics/oscillator_kinetics.hpp; sourceTree = "<group>"; };
		6643D3751F488CDC009BF826 /* integration.cpp */ = {isa = PBXFileReference; fileEncoding = 4; lastKnownFileType = sourcecode.cpp.cpp; name = integration.cpp; path = ../common/src/math/integration.cpp; sourceTree = "<group>"; };
		66628E941F2CF09D008E4BD9 /* test.py */ = {isa = PBXFileReference; fileEncoding = 4; lastKnownFileType = text.script.python; name = test.py; path = ../test/test.py; sourceTree = "<group>"; };
		666A13881F2ABAF8006FC93A /* setup.py */ = {isa = PBXFileReference; fileEncoding = 4; lastKnownFileType = text.script.python; name = setup.py; path = ../python/setup.py; sourceTree = "<group>"; };
		66A3A9F71F53410300C8E512 /* test.frag */ = {isa = PBXFileReference; fileEncoding = 4; lastKnownFileType = sourcecode.glsl; name = test.frag; path = ../test/test.frag; sourceTree = "<group>"; };
		66CD193E1F374D4F00469E6B /* paper_kinetics.hpp */ = {isa = PBXFileReference; fileEncoding = 4; lastKnownFileType = sourcecode.cpp.h; name = paper_kinetics.hpp; path = ../common/include/physics/paper_kinetics.hpp; sourceTree = "<group>"; };
		66CD193F1F374D5A00469E6B /* paper_kinetics.cpp */ = {isa = PBXFileReference; fileEncoding = 4; lastKnownFileType = sourcecode.cpp.cpp; name = paper_kinetics.cpp; path = ../common/src/physics/paper_kinetics.cpp; sourceTree = "<group>"; };
		66CD19461F37542600469E6B /* integration.hpp */ = {isa = PBXFileReference; fileEncoding = 4; lastKnownFileType = sourcecode.cpp.h; name = integration.hpp; path = ../common/include/math/integration.hpp; sourceTree = "<group>"; };
		66CD19481F37543F00469E6B /* indexing.hpp */ = {isa = PBXFileReference; fileEncoding = 4; lastKnownFileType = sourcecode.cpp.h; name = indexing.hpp; path = ../common/include/image/indexing.hpp; sourceTree = "<group>"; };
		66CD19491F37543F00469E6B /* transform.hpp */ = {isa = PBXFileReference; fileEncoding = 4; lastKnownFileType = sourcecode.cpp.h; name = transform.hpp; path = ../common/include/image/transform.hpp; sourceTree = "<group>"; };
		66CD194A1F375F0400469E6B /* arithmatic.hpp */ = {isa = PBXFileReference; fileEncoding = 4; lastKnownFileType = sourcecode.cpp.h; name = arithmatic.hpp; path = ../common/include/math/arithmatic.hpp; sourceTree = "<group>"; };
		66CD194B1F37932A00469E6B /* arithmatic.cpp */ = {isa = PBXFileReference; fileEncoding = 4; lastKnownFileType = sourcecode.cpp.cpp; name = arithmatic.cpp; path = ../common/src/math/arithmatic.cpp; sourceTree = "<group>"; };
		66CF49BA1F2E4AEF00D7BD06 /* shader_support.hpp */ = {isa = PBXFileReference; fileEncoding = 4; lastKnownFileType = sourcecode.cpp.h; name = shader_support.hpp; path = ../common/include/opengl/shader_support.hpp; sourceTree = "<group>"; };
		66CF49BB1F2E4AEF00D7BD06 /* shader.hpp */ = {isa = PBXFileReference; fileEncoding = 4; lastKnownFileType = sourcecode.cpp.h; name = shader.hpp; path = ../common/include/opengl/shader.hpp; sourceTree = "<group>"; };
		66CF49BC1F2E4AEF00D7BD06 /* uniform_support.hpp */ = {isa = PBXFileReference; fileEncoding = 4; lastKnownFileType = sourcecode.cpp.h; name = uniform_support.hpp; path = ../common/include/opengl/uniform_support.hpp; sourceTree = "<group>"; };
		66CF49BE1F2E4AEF00D7BD06 /* vertex_array.hpp */ = {isa = PBXFileReference; fileEncoding = 4; lastKnownFileType = sourcecode.cpp.h; name = vertex_array.hpp; path = ../common/include/opengl/vertex_array.hpp; sourceTree = "<group>"; };
		66CF49BF1F2E4AFC00D7BD06 /* shader_support.cpp */ = {isa = PBXFileReference; fileEncoding = 4; lastKnownFileType = sourcecode.cpp.cpp; name = shader_support.cpp; path = ../common/src/opengl/shader_support.cpp; sourceTree = "<group>"; };
		66CF49C01F2E4AFC00D7BD06 /* shader.cpp */ = {isa = PBXFileReference; fileEncoding = 4; lastKnownFileType = sourcecode.cpp.cpp; name = shader.cpp; path = ../common/src/opengl/shader.cpp; sourceTree = "<group>"; };
		66CF49C11F2E4AFC00D7BD06 /* uniform_support.cpp */ = {isa = PBXFileReference; fileEncoding = 4; lastKnownFileType = sourcecode.cpp.cpp; name = uniform_support.cpp; path = ../common/src/opengl/uniform_support.cpp; sourceTree = "<group>"; };
		66CF49C31F2E4AFC00D7BD06 /* vertex_array.cpp */ = {isa = PBXFileReference; fileEncoding = 4; lastKnownFileType = sourcecode.cpp.cpp; name = vertex_array.cpp; path = ../common/src/opengl/vertex_array.cpp; sourceTree = "<group>"; };
		66D262B71F5189FF0088E148 /* test.vert */ = {isa = PBXFileReference; fileEncoding = 4; lastKnownFileType = sourcecode.glsl; name = test.vert; path = ../test/test.vert; sourceTree = "<group>"; };
		66D262B81F518A3C0088E148 /* buffer.hpp */ = {isa = PBXFileReference; fileEncoding = 4; lastKnownFileType = sourcecode.cpp.h; name = buffer.hpp; path = ../common/include/opengl/buffer.hpp; sourceTree = "<group>"; };
		66D262B91F518A4B0088E148 /* buffer.cpp */ = {isa = PBXFileReference; fileEncoding = 4; lastKnownFileType = sourcecode.cpp.cpp; name = buffer.cpp; path = ../common/src/opengl/buffer.cpp; sourceTree = "<group>"; };
		66DA44631F3E6FED00B4F6B8 /* event_handler_support.hpp */ = {isa = PBXFileReference; fileEncoding = 4; lastKnownFileType = sourcecode.cpp.h; name = event_handler_support.hpp; path = ../common/include/event/event_handler_support.hpp; sourceTree = "<group>"; };
		66DA44641F3E6FED00B4F6B8 /* event_handler.hpp */ = {isa = PBXFileReference; fileEncoding = 4; lastKnownFileType = sourcecode.cpp.h; name = event_handler.hpp; path = ../common/include/event/event_handler.hpp; sourceTree = "<group>"; };
		66DA44651F3E6FF600B4F6B8 /* event_handler.cpp */ = {isa = PBXFileReference; fileEncoding = 4; lastKnownFileType = sourcecode.cpp.cpp; name = event_handler.cpp; path = ../common/src/event/event_handler.cpp; sourceTree = "<group>"; };
		66DAF6611F6B4080004B5690 /* trochoid_path.hpp */ = {isa = PBXFileReference; fileEncoding = 4; lastKnownFileType = sourcecode.cpp.h; name = trochoid_path.hpp; path = ../test/vector_display/common/include/trochoid_path.hpp; sourceTree = "<group>"; };
		66DAF6621F6B4080004B5690 /* vector_display_path.hpp */ = {isa = PBXFileReference; fileEncoding = 4; lastKnownFileType = sourcecode.cpp.h; name = vector_display_path.hpp; path = ../test/vector_display/common/include/vector_display_path.hpp; sourceTree = "<group>"; };
		66DAF6631F6B4080004B5690 /* vector_display_shaders.hpp */ = {isa = PBXFileReference; fileEncoding = 4; lastKnownFileType = sourcecode.cpp.h; name = vector_display_shaders.hpp; path = ../test/vector_display/common/include/vector_display_shaders.hpp; sourceTree = "<group>"; };
		66DAF6641F6B4080004B5690 /* vector_display.hpp */ = {isa = PBXFileReference; fileEncoding = 4; lastKnownFileType = sourcecode.cpp.h; name = vector_display.hpp; path = ../test/vector_display/common/include/vector_display.hpp; sourceTree = "<group>"; };
		66DAF6651F6B4092004B5690 /* trochoid_path.cpp */ = {isa = PBXFileReference; fileEncoding = 4; lastKnownFileType = sourcecode.cpp.cpp; name = trochoid_path.cpp; path = ../test/vector_display/common/src/trochoid_path.cpp; sourceTree = "<group>"; };
		66DAF6661F6B4092004B5690 /* vector_display_path.cpp */ = {isa = PBXFileReference; fileEncoding = 4; lastKnownFileType = sourcecode.cpp.cpp; name = vector_display_path.cpp; path = ../test/vector_display/common/src/vector_display_path.cpp; sourceTree = "<group>"; };
		66DAF6671F6B4092004B5690 /* vector_display.cpp */ = {isa = PBXFileReference; fileEncoding = 4; lastKnownFileType = sourcecode.cpp.cpp; name = vector_display.cpp; path = ../test/vector_display/common/src/vector_display.cpp; sourceTree = "<group>"; };
		66DAF6681F6B40A4004B5690 /* vector_display.cpp */ = {isa = PBXFileReference; fileEncoding = 4; lastKnownFileType = sourcecode.cpp.cpp; name = vector_display.cpp; path = ../test/vector_display/python/src/vector_display.cpp; sourceTree = "<group>"; };
		66DAF66A1F6B40EB004B5690 /* segmented_path.hpp */ = {isa = PBXFileReference; fileEncoding = 4; lastKnownFileType = sourcecode.cpp.h; name = segmented_path.hpp; path = ../common/include/geometry/segmented_path.hpp; sourceTree = "<group>"; };
		66DAF66B1F6B410E004B5690 /* vertex_array_support.hpp */ = {isa = PBXFileReference; fileEncoding = 4; lastKnownFileType = sourcecode.cpp.h; name = vertex_array_support.hpp; path = ../common/include/opengl/vertex_array_support.hpp; sourceTree = "<group>"; };
		66F7D08E1F655B2300364D08 /* kinetics.hpp */ = {isa = PBXFileReference; fileEncoding = 4; lastKnownFileType = sourcecode.cpp.h; name = kinetics.hpp; path = ../common/include/physics/kinetics.hpp; sourceTree = "<group>"; };
		66F7D0901F65668300364D08 /* event.cpp */ = {isa = PBXFileReference; fileEncoding = 4; lastKnownFileType = sourcecode.cpp.cpp; name = event.cpp; path = ../python/src/event.cpp; sourceTree = "<group>"; };
		66F7D0911F65668300364D08 /* geometry.cpp */ = {isa = PBXFileReference; fileEncoding = 4; lastKnownFileType = sourcecode.cpp.cpp; name = geometry.cpp; path = ../python/src/geometry.cpp; sourceTree = "<group>"; };
		66F7D0921F65668300364D08 /* glm.cpp */ = {isa = PBXFileReference; fileEncoding = 4; lastKnownFileType = sourcecode.cpp.cpp; name = glm.cpp; path = ../python/src/glm.cpp; sourceTree = "<group>"; };
		66F7D0941F65668300364D08 /* opengl.cpp */ = {isa = PBXFileReference; fileEncoding = 4; lastKnownFileType = sourcecode.cpp.cpp; name = opengl.cpp; path = ../python/src/opengl.cpp; sourceTree = "<group>"; };
		66F7D0951F65668300364D08 /* physics.cpp */ = {isa = PBXFileReference; fileEncoding = 4; lastKnownFileType = sourcecode.cpp.cpp; name = physics.cpp; path = ../python/src/physics.cpp; sourceTree = "<group>"; };
		66F7D0961F65668F00364D08 /* glm.hpp */ = {isa = PBXFileReference; fileEncoding = 4; lastKnownFileType = sourcecode.cpp.h; name = glm.hpp; path = ../python/include/glm.hpp; sourceTree = "<group>"; };
		66F7D0971F65668F00364D08 /* opengl.hpp */ = {isa = PBXFileReference; fileEncoding = 4; lastKnownFileType = sourcecode.cpp.h; name = opengl.hpp; path = ../python/include/opengl.hpp; sourceTree = "<group>"; };
/* End PBXFileReference section */

/* Begin PBXGroup section */
		6619E5AA1F2BFEA7009BFA97 /* opengl */ = {
			isa = PBXGroup;
			children = (
				6619E5AB1F2BFEC5009BFA97 /* window.hpp */,
				6619E5AC1F2BFED1009BFA97 /* window.cpp */,
				66D262B81F518A3C0088E148 /* buffer.hpp */,
				66D262B91F518A4B0088E148 /* buffer.cpp */,
				662CD7E51F329F9C005EB9D0 /* buffer_support.hpp */,
				662CD7E81F329FA8005EB9D0 /* buffer_support.cpp */,
				66CF49BB1F2E4AEF00D7BD06 /* shader.hpp */,
				66CF49C01F2E4AFC00D7BD06 /* shader.cpp */,
				66CF49BA1F2E4AEF00D7BD06 /* shader_support.hpp */,
				66CF49BF1F2E4AFC00D7BD06 /* shader_support.cpp */,
				66CF49BC1F2E4AEF00D7BD06 /* uniform_support.hpp */,
				66CF49C11F2E4AFC00D7BD06 /* uniform_support.cpp */,
				66CF49BE1F2E4AEF00D7BD06 /* vertex_array.hpp */,
				66CF49C31F2E4AFC00D7BD06 /* vertex_array.cpp */,
				66DAF66B1F6B410E004B5690 /* vertex_array_support.hpp */,
				662CD7E71F329F9C005EB9D0 /* texture.hpp */,
				662CD7EA1F329FA8005EB9D0 /* texture.cpp */,
				662CD7E61F329F9C005EB9D0 /* frame_buffer.hpp */,
				662CD7E91F329FA8005EB9D0 /* frame_buffer.cpp */,
				662ABF9A1F6405640043D4F4 /* camera.hpp */,
				662ABF9B1F64056F0043D4F4 /* camera.cpp */,
			);
			name = opengl;
			sourceTree = "<group>";
		};
		663E67D21F2AB8F80081DFAE = {
			isa = PBXGroup;
			children = (
				66628E951F2CF0A3008E4BD9 /* test */,
				666A137A1F2AB9DF006FC93A /* python */,
				666A13731F2AB977006FC93A /* common */,
			);
			sourceTree = "<group>";
		};
		66628E951F2CF0A3008E4BD9 /* test */ = {
			isa = PBXGroup;
			children = (
				66A3A9F71F53410300C8E512 /* test.frag */,
				66D262B71F5189FF0088E148 /* test.vert */,
				66628E941F2CF09D008E4BD9 /* test.py */,
				66DAF6601F6B405F004B5690 /* vector_display */,
			);
			name = test;
			sourceTree = "<group>";
		};
		666A13731F2AB977006FC93A /* common */ = {
			isa = PBXGroup;
			children = (
				66CD19451F37540C00469E6B /* math */,
				6619E5AA1F2BFEA7009BFA97 /* opengl */,
				66DA44621F3E6FDE00B4F6B8 /* event */,
				66CD19441F37540300469E6B /* image */,
				666A13741F2AB98C006FC93A /* geometry */,
				66CD193D1F374D1500469E6B /* physics */,
			);
			name = common;
			sourceTree = "<group>";
		};
		666A13741F2AB98C006FC93A /* geometry */ = {
			isa = PBXGroup;
			children = (
				662ABF9D1F64058D0043D4F4 /* coordinate_transform.hpp */,
				662ABFA01F64059A0043D4F4 /* coordinate_transform.cpp */,
				662ABF9C1F64058D0043D4F4 /* coordinate_transform_support.hpp */,
				662ABF9F1F64059A0043D4F4 /* coordinate_transform_support.cpp */,
				660B28701F6754030053C885 /* path.hpp */,
				660B286F1F6754030053C885 /* path_vertex.hpp */,
				660B28721F67540E0053C885 /* path_vertex.cpp */,
				660B286E1F6754030053C885 /* path_support.hpp */,
				660B28711F67540E0053C885 /* path_support.cpp */,
				66DAF66A1F6B40EB004B5690 /* segmented_path.hpp */,
			);
			name = geometry;
			sourceTree = "<group>";
		};
		666A137A1F2AB9DF006FC93A /* python */ = {
			isa = PBXGroup;
			children = (
				666A13881F2ABAF8006FC93A /* setup.py */,
				660B28731F6754340053C885 /* repr.hpp */,
				660B28741F67543F0053C885 /* repr.cpp */,
				66F7D0961F65668F00364D08 /* glm.hpp */,
				66F7D0921F65668300364D08 /* glm.cpp */,
				66F7D0911F65668300364D08 /* geometry.cpp */,
				66F7D0951F65668300364D08 /* physics.cpp */,
				66F7D0901F65668300364D08 /* event.cpp */,
				66F7D0971F65668F00364D08 /* opengl.hpp */,
				66F7D0941F65668300364D08 /* opengl.cpp */,
			);
			name = python;
			sourceTree = "<group>";
		};
		66CD193D1F374D1500469E6B /* physics */ = {
			isa = PBXGroup;
			children = (
				66F7D08E1F655B2300364D08 /* kinetics.hpp */,
				6643D3731F48816E009BF826 /* oscillator_kinetics.hpp */,
				66CD193E1F374D4F00469E6B /* paper_kinetics.hpp */,
				66CD193F1F374D5A00469E6B /* paper_kinetics.cpp */,
			);
			name = physics;
			sourceTree = "<group>";
		};
		66CD19441F37540300469E6B /* image */ = {
			isa = PBXGroup;
			children = (
				66CD19481F37543F00469E6B /* indexing.hpp */,
				66CD19491F37543F00469E6B /* transform.hpp */,
			);
			name = image;
			sourceTree = "<group>";
		};
		66CD19451F37540C00469E6B /* math */ = {
			isa = PBXGroup;
			children = (
				66CD194A1F375F0400469E6B /* arithmatic.hpp */,
				66CD194B1F37932A00469E6B /* arithmatic.cpp */,
				66CD19461F37542600469E6B /* integration.hpp */,
				6643D3751F488CDC009BF826 /* integration.cpp */,
			);
			name = math;
			sourceTree = "<group>";
		};
		66DA44621F3E6FDE00B4F6B8 /* event */ = {
			isa = PBXGroup;
			children = (
				66DA44641F3E6FED00B4F6B8 /* event_handler.hpp */,
				66DA44651F3E6FF600B4F6B8 /* event_handler.cpp */,
				66DA44631F3E6FED00B4F6B8 /* event_handler_support.hpp */,
			);
			name = event;
			sourceTree = "<group>";
		};
		66DAF6601F6B405F004B5690 /* vector_display */ = {
			isa = PBXGroup;
			children = (
				66DAF6691F6B40AE004B5690 /* python */,
				66DAF6641F6B4080004B5690 /* vector_display.hpp */,
				66DAF6671F6B4092004B5690 /* vector_display.cpp */,
				66DAF6621F6B4080004B5690 /* vector_display_path.hpp */,
				66DAF6661F6B4092004B5690 /* vector_display_path.cpp */,
				66DAF6631F6B4080004B5690 /* vector_display_shaders.hpp */,
				66DAF6611F6B4080004B5690 /* trochoid_path.hpp */,
				66DAF6651F6B4092004B5690 /* trochoid_path.cpp */,
			);
			name = vector_display;
			sourceTree = "<group>";
		};
		66DAF6691F6B40AE004B5690 /* python */ = {
			isa = PBXGroup;
			children = (
				66DAF6681F6B40A4004B5690 /* vector_display.cpp */,
			);
			name = python;
			sourceTree = "<group>";
		};
/* End PBXGroup section */

/* Begin PBXLegacyTarget section */
		663E67D71F2AB8F80081DFAE /* Library */ = {
			isa = PBXLegacyTarget;
			buildArgumentsString = "setup.py build_ext --inplace";
			buildConfigurationList = 663E67DA1F2AB8F80081DFAE /* Build configuration list for PBXLegacyTarget "Library" */;
			buildPhases = (
			);
			buildToolPath = /usr/local/bin/python3;
			buildWorkingDirectory = /Users/adam/Documents/Code/Library/python;
			dependencies = (
			);
			name = Library;
			passBuildSettingsInEnvironment = 1;
			productName = Library;
		};
/* End PBXLegacyTarget section */

/* Begin PBXProject section */
		663E67D31F2AB8F80081DFAE /* Project object */ = {
			isa = PBXProject;
			attributes = {
				LastUpgradeCheck = 0830;
				TargetAttributes = {
					663E67D71F2AB8F80081DFAE = {
						CreatedOnToolsVersion = 8.3.3;
						ProvisioningStyle = Automatic;
					};
				};
			};
			buildConfigurationList = 663E67D61F2AB8F80081DFAE /* Build configuration list for PBXProject "Library" */;
			compatibilityVersion = "Xcode 3.2";
			developmentRegion = English;
			hasScannedForEncodings = 0;
			knownRegions = (
				en,
			);
			mainGroup = 663E67D21F2AB8F80081DFAE;
			projectDirPath = "";
			projectRoot = "";
			targets = (
				663E67D71F2AB8F80081DFAE /* Library */,
			);
		};
/* End PBXProject section */

/* Begin XCBuildConfiguration section */
		663E67D81F2AB8F80081DFAE /* Debug */ = {
			isa = XCBuildConfiguration;
			buildSettings = {
				ALWAYS_SEARCH_USER_PATHS = NO;
				CLANG_ANALYZER_NONNULL = YES;
				CLANG_ANALYZER_NUMBER_OBJECT_CONVERSION = YES_AGGRESSIVE;
				CLANG_CXX_LANGUAGE_STANDARD = "gnu++0x";
				CLANG_CXX_LIBRARY = "libc++";
				CLANG_ENABLE_MODULES = YES;
				CLANG_ENABLE_OBJC_ARC = YES;
				CLANG_WARN_BOOL_CONVERSION = YES;
				CLANG_WARN_CONSTANT_CONVERSION = YES;
				CLANG_WARN_DIRECT_OBJC_ISA_USAGE = YES_ERROR;
				CLANG_WARN_DOCUMENTATION_COMMENTS = YES;
				CLANG_WARN_EMPTY_BODY = YES;
				CLANG_WARN_ENUM_CONVERSION = YES;
				CLANG_WARN_INFINITE_RECURSION = YES;
				CLANG_WARN_INT_CONVERSION = YES;
				CLANG_WARN_OBJC_ROOT_CLASS = YES_ERROR;
				CLANG_WARN_SUSPICIOUS_MOVE = YES;
				CLANG_WARN_UNREACHABLE_CODE = YES;
				CLANG_WARN__DUPLICATE_METHOD_MATCH = YES;
				COPY_PHASE_STRIP = NO;
				DEBUG_INFORMATION_FORMAT = dwarf;
				ENABLE_STRICT_OBJC_MSGSEND = YES;
				ENABLE_TESTABILITY = YES;
				GCC_C_LANGUAGE_STANDARD = gnu99;
				GCC_DYNAMIC_NO_PIC = NO;
				GCC_NO_COMMON_BLOCKS = YES;
				GCC_OPTIMIZATION_LEVEL = 0;
				GCC_PREPROCESSOR_DEFINITIONS = (
					"DEBUG=1",
					"$(inherited)",
				);
				GCC_WARN_64_TO_32_BIT_CONVERSION = YES;
				GCC_WARN_ABOUT_RETURN_TYPE = YES_ERROR;
				GCC_WARN_UNDECLARED_SELECTOR = YES;
				GCC_WARN_UNINITIALIZED_AUTOS = YES_AGGRESSIVE;
				GCC_WARN_UNUSED_FUNCTION = YES;
				GCC_WARN_UNUSED_VARIABLE = YES;
				MTL_ENABLE_DEBUG_INFO = YES;
				ONLY_ACTIVE_ARCH = YES;
			};
			name = Debug;
		};
		663E67D91F2AB8F80081DFAE /* Release */ = {
			isa = XCBuildConfiguration;
			buildSettings = {
				ALWAYS_SEARCH_USER_PATHS = NO;
				CLANG_ANALYZER_NONNULL = YES;
				CLANG_ANALYZER_NUMBER_OBJECT_CONVERSION = YES_AGGRESSIVE;
				CLANG_CXX_LANGUAGE_STANDARD = "gnu++0x";
				CLANG_CXX_LIBRARY = "libc++";
				CLANG_ENABLE_MODULES = YES;
				CLANG_ENABLE_OBJC_ARC = YES;
				CLANG_WARN_BOOL_CONVERSION = YES;
				CLANG_WARN_CONSTANT_CONVERSION = YES;
				CLANG_WARN_DIRECT_OBJC_ISA_USAGE = YES_ERROR;
				CLANG_WARN_DOCUMENTATION_COMMENTS = YES;
				CLANG_WARN_EMPTY_BODY = YES;
				CLANG_WARN_ENUM_CONVERSION = YES;
				CLANG_WARN_INFINITE_RECURSION = YES;
				CLANG_WARN_INT_CONVERSION = YES;
				CLANG_WARN_OBJC_ROOT_CLASS = YES_ERROR;
				CLANG_WARN_SUSPICIOUS_MOVE = YES;
				CLANG_WARN_UNREACHABLE_CODE = YES;
				CLANG_WARN__DUPLICATE_METHOD_MATCH = YES;
				COPY_PHASE_STRIP = NO;
				DEBUG_INFORMATION_FORMAT = "dwarf-with-dsym";
				ENABLE_NS_ASSERTIONS = NO;
				ENABLE_STRICT_OBJC_MSGSEND = YES;
				GCC_C_LANGUAGE_STANDARD = gnu99;
				GCC_NO_COMMON_BLOCKS = YES;
				GCC_WARN_64_TO_32_BIT_CONVERSION = YES;
				GCC_WARN_ABOUT_RETURN_TYPE = YES_ERROR;
				GCC_WARN_UNDECLARED_SELECTOR = YES;
				GCC_WARN_UNINITIALIZED_AUTOS = YES_AGGRESSIVE;
				GCC_WARN_UNUSED_FUNCTION = YES;
				GCC_WARN_UNUSED_VARIABLE = YES;
				MTL_ENABLE_DEBUG_INFO = NO;
			};
			name = Release;
		};
		663E67DB1F2AB8F80081DFAE /* Debug */ = {
			isa = XCBuildConfiguration;
			buildSettings = {
				DEBUGGING_SYMBOLS = YES;
				DEBUG_INFORMATION_FORMAT = dwarf;
				GCC_GENERATE_DEBUGGING_SYMBOLS = YES;
				GCC_OPTIMIZATION_LEVEL = 0;
				OTHER_CFLAGS = "";
				OTHER_LDFLAGS = "";
				PRODUCT_NAME = "$(TARGET_NAME)";
			};
			name = Debug;
		};
		663E67DC1F2AB8F80081DFAE /* Release */ = {
			isa = XCBuildConfiguration;
			buildSettings = {
				DEBUG_INFORMATION_FORMAT = "dwarf-with-dsym";
				OTHER_CFLAGS = "";
				OTHER_LDFLAGS = "";
				PRODUCT_NAME = "$(TARGET_NAME)";
			};
			name = Release;
		};
/* End XCBuildConfiguration section */

/* Begin XCConfigurationList section */
		663E67D61F2AB8F80081DFAE /* Build configuration list for PBXProject "Library" */ = {
			isa = XCConfigurationList;
			buildConfigurations = (
				663E67D81F2AB8F80081DFAE /* Debug */,
				663E67D91F2AB8F80081DFAE /* Release */,
			);
			defaultConfigurationIsVisible = 0;
			defaultConfigurationName = Release;
		};
		663E67DA1F2AB8F80081DFAE /* Build configuration list for PBXLegacyTarget "Library" */ = {
			isa = XCConfigurationList;
			buildConfigurations = (
				663E67DB1F2AB8F80081DFAE /* Debug */,
				663E67DC1F2AB8F80081DFAE /* Release */,
			);
			defaultConfigurationIsVisible = 0;
			defaultConfigurationName = Release;
		};
/* End XCConfigurationList section */
	};
	rootObject = 663E67D31F2AB8F80081DFAE /* Project object */;
}
